
Microsoft Visual Studio Solution File, Format Version 12.00
# Visual Studio Version 17
VisualStudioVersion = 17.9.34616.47
MinimumVisualStudioVersion = 10.0.40219.1
Project("{FAE04EC0-301F-11D3-BF4B-00C04F79EFBC}") = "Claim-Macao-MobileGame", "Claim-Macao-MobileGame\Claim-Macao-MobileGame.csproj", "{C5AB737F-7F6E-4181-9BDC-F5E98FC5626D}"
EndProject
Global
	GlobalSection(SolutionConfigurationPlatforms) = preSolution
		Debug|Any CPU = Debug|Any CPU
		Release|Any CPU = Release|Any CPU
	EndGlobalSection
	GlobalSection(ProjectConfigurationPlatforms) = postSolution
		{C5AB737F-7F6E-4181-9BDC-F5E98FC5626D}.Debug|Any CPU.ActiveCfg = Debug|Any CPU
		{C5AB737F-7F6E-4181-9BDC-F5E98FC5626D}.Debug|Any CPU.Build.0 = Debug|Any CPU
		{C5AB737F-7F6E-4181-9BDC-F5E98FC5626D}.Debug|Any CPU.Deploy.0 = Debug|Any CPU
		{C5AB737F-7F6E-4181-9BDC-F5E98FC5626D}.Release|Any CPU.ActiveCfg = Release|Any CPU
		{C5AB737F-7F6E-4181-9BDC-F5E98FC5626D}.Release|Any CPU.Build.0 = Release|Any CPU
		{C5AB737F-7F6E-4181-9BDC-F5E98FC5626D}.Release|Any CPU.Deploy.0 = Release|Any CPU
	EndGlobalSection
	GlobalSection(SolutionProperties) = preSolution
		HideSolutionNode = FALSE
	EndGlobalSection
	GlobalSection(ExtensibilityGlobals) = postSolution
		SolutionGuid = {2FEC8FF1-2AB8-4FC2-89A6-843DA97120EB}
	EndGlobalSection
EndGlobal
